// !$*UTF8*$!
{
	archiveVersion = 1;
	classes = {
	};
	objectVersion = 48;
	objects = {

/* Begin PBXBuildFile section */
		0A030D07202D49BA0083606D /* AppDelegate.swift in Sources */ = {isa = PBXBuildFile; fileRef = 0A030D06202D49BA0083606D /* AppDelegate.swift */; };
		0A030D09202D49BA0083606D /* ViewController.swift in Sources */ = {isa = PBXBuildFile; fileRef = 0A030D08202D49BA0083606D /* ViewController.swift */; };
		0A030D0C202D49BA0083606D /* Main.storyboard in Resources */ = {isa = PBXBuildFile; fileRef = 0A030D0A202D49BA0083606D /* Main.storyboard */; };
		0A030D0F202D49BA0083606D /* How_Many_Hoppers.xcdatamodeld in Sources */ = {isa = PBXBuildFile; fileRef = 0A030D0D202D49BA0083606D /* How_Many_Hoppers.xcdatamodeld */; };
		0A030D11202D49BA0083606D /* Assets.xcassets in Resources */ = {isa = PBXBuildFile; fileRef = 0A030D10202D49BA0083606D /* Assets.xcassets */; };
		0A030D14202D49BA0083606D /* LaunchScreen.storyboard in Resources */ = {isa = PBXBuildFile; fileRef = 0A030D12202D49BA0083606D /* LaunchScreen.storyboard */; };
		0AE4CDCD2031559500C75BCC /* HaasGrotSign-65Medium-Web.ttf in Resources */ = {isa = PBXBuildFile; fileRef = 0AE4CDCC2031559500C75BCC /* HaasGrotSign-65Medium-Web.ttf */; };
		0AE4CDD0203159F200C75BCC /* Haas-Grot-Text-55-Roman.ttf in Resources */ = {isa = PBXBuildFile; fileRef = 0AE4CDCF203159F200C75BCC /* Haas-Grot-Text-55-Roman.ttf */; };
/* End PBXBuildFile section */

/* Begin PBXFileReference section */
		0A030D03202D49BA0083606D /* How Many Hoppers.app */ = {isa = PBXFileReference; explicitFileType = wrapper.application; includeInIndex = 0; path = "How Many Hoppers.app"; sourceTree = BUILT_PRODUCTS_DIR; };
		0A030D06202D49BA0083606D /* AppDelegate.swift */ = {isa = PBXFileReference; lastKnownFileType = sourcecode.swift; path = AppDelegate.swift; sourceTree = "<group>"; };
		0A030D08202D49BA0083606D /* ViewController.swift */ = {isa = PBXFileReference; lastKnownFileType = sourcecode.swift; path = ViewController.swift; sourceTree = "<group>"; };
		0A030D0B202D49BA0083606D /* Base */ = {isa = PBXFileReference; lastKnownFileType = file.storyboard; name = Base; path = Base.lproj/Main.storyboard; sourceTree = "<group>"; };
		0A030D0E202D49BA0083606D /* How_Many_Hoppers.xcdatamodel */ = {isa = PBXFileReference; lastKnownFileType = wrapper.xcdatamodel; path = How_Many_Hoppers.xcdatamodel; sourceTree = "<group>"; };
		0A030D10202D49BA0083606D /* Assets.xcassets */ = {isa = PBXFileReference; lastKnownFileType = folder.assetcatalog; path = Assets.xcassets; sourceTree = "<group>"; };
		0A030D13202D49BA0083606D /* Base */ = {isa = PBXFileReference; lastKnownFileType = file.storyboard; name = Base; path = Base.lproj/LaunchScreen.storyboard; sourceTree = "<group>"; };
		0A030D15202D49BA0083606D /* Info.plist */ = {isa = PBXFileReference; lastKnownFileType = text.plist.xml; path = Info.plist; sourceTree = "<group>"; };
		0AE4CDCC2031559500C75BCC /* HaasGrotSign-65Medium-Web.ttf */ = {isa = PBXFileReference; lastKnownFileType = file; path = "HaasGrotSign-65Medium-Web.ttf"; sourceTree = "<group>"; };
		0AE4CDCF203159F200C75BCC /* Haas-Grot-Text-55-Roman.ttf */ = {isa = PBXFileReference; lastKnownFileType = file; path = "Haas-Grot-Text-55-Roman.ttf"; sourceTree = "<group>"; };
/* End PBXFileReference section */

/* Begin PBXFrameworksBuildPhase section */
		0A030D00202D49BA0083606D /* Frameworks */ = {
			isa = PBXFrameworksBuildPhase;
			buildActionMask = 2147483647;
			files = (
			);
			runOnlyForDeploymentPostprocessing = 0;
		};
/* End PBXFrameworksBuildPhase section */

/* Begin PBXGroup section */
		0A030CFA202D49BA0083606D = {
			isa = PBXGroup;
			children = (
				0A030D05202D49BA0083606D /* How Many Hoppers */,
				0A030D04202D49BA0083606D /* Products */,
			);
			sourceTree = "<group>";
		};
		0A030D04202D49BA0083606D /* Products */ = {
			isa = PBXGroup;
			children = (
				0A030D03202D49BA0083606D /* How Many Hoppers.app */,
			);
			name = Products;
			sourceTree = "<group>";
		};
		0A030D05202D49BA0083606D /* How Many Hoppers */ = {
			isa = PBXGroup;
			children = (
				0AE4CDCE2031559B00C75BCC /* Fonts */,
				0A030D06202D49BA0083606D /* AppDelegate.swift */,
				0A030D08202D49BA0083606D /* ViewController.swift */,
				0A030D0A202D49BA0083606D /* Main.storyboard */,
				0A030D10202D49BA0083606D /* Assets.xcassets */,
				0A030D12202D49BA0083606D /* LaunchScreen.storyboard */,
				0A030D15202D49BA0083606D /* Info.plist */,
				0A030D0D202D49BA0083606D /* How_Many_Hoppers.xcdatamodeld */,
			);
			path = "How Many Hoppers";
			sourceTree = "<group>";
		};
		0AE4CDCE2031559B00C75BCC /* Fonts */ = {
			isa = PBXGroup;
			children = (
				0AE4CDCF203159F200C75BCC /* Haas-Grot-Text-55-Roman.ttf */,
				0AE4CDCC2031559500C75BCC /* HaasGrotSign-65Medium-Web.ttf */,
			);
			path = Fonts;
			sourceTree = "<group>";
		};
/* End PBXGroup section */

/* Begin PBXNativeTarget section */
		0A030D02202D49BA0083606D /* How Many Hoppers */ = {
			isa = PBXNativeTarget;
			buildConfigurationList = 0A030D18202D49BA0083606D /* Build configuration list for PBXNativeTarget "How Many Hoppers" */;
			buildPhases = (
				0A030CFF202D49BA0083606D /* Sources */,
				0A030D00202D49BA0083606D /* Frameworks */,
				0A030D01202D49BA0083606D /* Resources */,
			);
			buildRules = (
			);
			dependencies = (
			);
			name = "How Many Hoppers";
			productName = "How Many Hoppers";
			productReference = 0A030D03202D49BA0083606D /* How Many Hoppers.app */;
			productType = "com.apple.product-type.application";
		};
/* End PBXNativeTarget section */

/* Begin PBXProject section */
		0A030CFB202D49BA0083606D /* Project object */ = {
			isa = PBXProject;
			attributes = {
				LastSwiftUpdateCheck = 0920;
				LastUpgradeCheck = 0920;
				ORGANIZATIONNAME = "Whitney Museum of American Art";
				TargetAttributes = {
					0A030D02202D49BA0083606D = {
						CreatedOnToolsVersion = 9.2;
						ProvisioningStyle = Automatic;
					};
				};
			};
			buildConfigurationList = 0A030CFE202D49BA0083606D /* Build configuration list for PBXProject "How Many Hoppers" */;
			compatibilityVersion = "Xcode 8.0";
			developmentRegion = en;
			hasScannedForEncodings = 0;
			knownRegions = (
				en,
				Base,
			);
			mainGroup = 0A030CFA202D49BA0083606D;
			productRefGroup = 0A030D04202D49BA0083606D /* Products */;
			projectDirPath = "";
			projectRoot = "";
			targets = (
				0A030D02202D49BA0083606D /* How Many Hoppers */,
			);
		};
/* End PBXProject section */

/* Begin PBXResourcesBuildPhase section */
		0A030D01202D49BA0083606D /* Resources */ = {
			isa = PBXResourcesBuildPhase;
			buildActionMask = 2147483647;
			files = (
				0AE4CDD0203159F200C75BCC /* Haas-Grot-Text-55-Roman.ttf in Resources */,
				0A030D14202D49BA0083606D /* LaunchScreen.storyboard in Resources */,
				0A030D11202D49BA0083606D /* Assets.xcassets in Resources */,
				0A030D0C202D49BA0083606D /* Main.storyboard in Resources */,
				0AE4CDCD2031559500C75BCC /* HaasGrotSign-65Medium-Web.ttf in Resources */,
			);
			runOnlyForDeploymentPostprocessing = 0;
		};
/* End PBXResourcesBuildPhase section */

/* Begin PBXSourcesBuildPhase section */
		0A030CFF202D49BA0083606D /* Sources */ = {
			isa = PBXSourcesBuildPhase;
			buildActionMask = 2147483647;
			files = (
				0A030D0F202D49BA0083606D /* How_Many_Hoppers.xcdatamodeld in Sources */,
				0A030D09202D49BA0083606D /* ViewController.swift in Sources */,
				0A030D07202D49BA0083606D /* AppDelegate.swift in Sources */,
			);
			runOnlyForDeploymentPostprocessing = 0;
		};
/* End PBXSourcesBuildPhase section */

/* Begin PBXVariantGroup section */
		0A030D0A202D49BA0083606D /* Main.storyboard */ = {
			isa = PBXVariantGroup;
			children = (
				0A030D0B202D49BA0083606D /* Base */,
			);
			name = Main.storyboard;
			sourceTree = "<group>";
		};
		0A030D12202D49BA0083606D /* LaunchScreen.storyboard */ = {
			isa = PBXVariantGroup;
			children = (
				0A030D13202D49BA0083606D /* Base */,
			);
			name = LaunchScreen.storyboard;
			sourceTree = "<group>";
		};
/* End PBXVariantGroup section */

/* Begin XCBuildConfiguration section */
		0A030D16202D49BA0083606D /* Debug */ = {
			isa = XCBuildConfiguration;
			buildSettings = {
				ALWAYS_SEARCH_USER_PATHS = NO;
				CLANG_ANALYZER_NONNULL = YES;
				CLANG_ANALYZER_NUMBER_OBJECT_CONVERSION = YES_AGGRESSIVE;
				CLANG_CXX_LANGUAGE_STANDARD = "gnu++14";
				CLANG_CXX_LIBRARY = "libc++";
				CLANG_ENABLE_MODULES = YES;
				CLANG_ENABLE_OBJC_ARC = YES;
				CLANG_WARN_BLOCK_CAPTURE_AUTORELEASING = YES;
				CLANG_WARN_BOOL_CONVERSION = YES;
				CLANG_WARN_COMMA = YES;
				CLANG_WARN_CONSTANT_CONVERSION = YES;
				CLANG_WARN_DIRECT_OBJC_ISA_USAGE = YES_ERROR;
				CLANG_WARN_DOCUMENTATION_COMMENTS = YES;
				CLANG_WARN_EMPTY_BODY = YES;
				CLANG_WARN_ENUM_CONVERSION = YES;
				CLANG_WARN_INFINITE_RECURSION = YES;
				CLANG_WARN_INT_CONVERSION = YES;
				CLANG_WARN_NON_LITERAL_NULL_CONVERSION = YES;
				CLANG_WARN_OBJC_LITERAL_CONVERSION = YES;
				CLANG_WARN_OBJC_ROOT_CLASS = YES_ERROR;
				CLANG_WARN_RANGE_LOOP_ANALYSIS = YES;
				CLANG_WARN_STRICT_PROTOTYPES = YES;
				CLANG_WARN_SUSPICIOUS_MOVE = YES;
				CLANG_WARN_UNGUARDED_AVAILABILITY = YES_AGGRESSIVE;
				CLANG_WARN_UNREACHABLE_CODE = YES;
				CLANG_WARN__DUPLICATE_METHOD_MATCH = YES;
				CODE_SIGN_IDENTITY = "iPhone Developer";
				COPY_PHASE_STRIP = NO;
				DEBUG_INFORMATION_FORMAT = dwarf;
				ENABLE_STRICT_OBJC_MSGSEND = YES;
				ENABLE_TESTABILITY = YES;
				GCC_C_LANGUAGE_STANDARD = gnu11;
				GCC_DYNAMIC_NO_PIC = NO;
				GCC_NO_COMMON_BLOCKS = YES;
				GCC_OPTIMIZATION_LEVEL = 0;
				GCC_PREPROCESSOR_DEFINITIONS = (
					"DEBUG=1",
					"$(inherited)",
				);
				GCC_WARN_64_TO_32_BIT_CONVERSION = YES;
				GCC_WARN_ABOUT_RETURN_TYPE = YES_ERROR;
				GCC_WARN_UNDECLARED_SELECTOR = YES;
				GCC_WARN_UNINITIALIZED_AUTOS = YES_AGGRESSIVE;
				GCC_WARN_UNUSED_FUNCTION = YES;
				GCC_WARN_UNUSED_VARIABLE = YES;
				IPHONEOS_DEPLOYMENT_TARGET = 11.2;
				MTL_ENABLE_DEBUG_INFO = YES;
				ONLY_ACTIVE_ARCH = YES;
				SDKROOT = iphoneos;
				SWIFT_ACTIVE_COMPILATION_CONDITIONS = DEBUG;
				SWIFT_OPTIMIZATION_LEVEL = "-Onone";
			};
			name = Debug;
		};
		0A030D17202D49BA0083606D /* Release */ = {
			isa = XCBuildConfiguration;
			buildSettings = {
				ALWAYS_SEARCH_USER_PATHS = NO;
				CLANG_ANALYZER_NONNULL = YES;
				CLANG_ANALYZER_NUMBER_OBJECT_CONVERSION = YES_AGGRESSIVE;
				CLANG_CXX_LANGUAGE_STANDARD = "gnu++14";
				CLANG_CXX_LIBRARY = "libc++";
				CLANG_ENABLE_MODULES = YES;
				CLANG_ENABLE_OBJC_ARC = YES;
				CLANG_WARN_BLOCK_CAPTURE_AUTORELEASING = YES;
				CLANG_WARN_BOOL_CONVERSION = YES;
				CLANG_WARN_COMMA = YES;
				CLANG_WARN_CONSTANT_CONVERSION = YES;
				CLANG_WARN_DIRECT_OBJC_ISA_USAGE = YES_ERROR;
				CLANG_WARN_DOCUMENTATION_COMMENTS = YES;
				CLANG_WARN_EMPTY_BODY = YES;
				CLANG_WARN_ENUM_CONVERSION = YES;
				CLANG_WARN_INFINITE_RECURSION = YES;
				CLANG_WARN_INT_CONVERSION = YES;
				CLANG_WARN_NON_LITERAL_NULL_CONVERSION = YES;
				CLANG_WARN_OBJC_LITERAL_CONVERSION = YES;
				CLANG_WARN_OBJC_ROOT_CLASS = YES_ERROR;
				CLANG_WARN_RANGE_LOOP_ANALYSIS = YES;
				CLANG_WARN_STRICT_PROTOTYPES = YES;
				CLANG_WARN_SUSPICIOUS_MOVE = YES;
				CLANG_WARN_UNGUARDED_AVAILABILITY = YES_AGGRESSIVE;
				CLANG_WARN_UNREACHABLE_CODE = YES;
				CLANG_WARN__DUPLICATE_METHOD_MATCH = YES;
				CODE_SIGN_IDENTITY = "iPhone Developer";
				COPY_PHASE_STRIP = NO;
				DEBUG_INFORMATION_FORMAT = "dwarf-with-dsym";
				ENABLE_NS_ASSERTIONS = NO;
				ENABLE_STRICT_OBJC_MSGSEND = YES;
				GCC_C_LANGUAGE_STANDARD = gnu11;
				GCC_NO_COMMON_BLOCKS = YES;
				GCC_WARN_64_TO_32_BIT_CONVERSION = YES;
				GCC_WARN_ABOUT_RETURN_TYPE = YES_ERROR;
				GCC_WARN_UNDECLARED_SELECTOR = YES;
				GCC_WARN_UNINITIALIZED_AUTOS = YES_AGGRESSIVE;
				GCC_WARN_UNUSED_FUNCTION = YES;
				GCC_WARN_UNUSED_VARIABLE = YES;
				IPHONEOS_DEPLOYMENT_TARGET = 11.2;
				MTL_ENABLE_DEBUG_INFO = NO;
				SDKROOT = iphoneos;
				SWIFT_OPTIMIZATION_LEVEL = "-Owholemodule";
				VALIDATE_PRODUCT = YES;
			};
			name = Release;
		};
		0A030D19202D49BA0083606D /* Debug */ = {
			isa = XCBuildConfiguration;
			buildSettings = {
				ASSETCATALOG_COMPILER_APPICON_NAME = AppIcon;
				CODE_SIGN_STYLE = Automatic;
				DEVELOPMENT_TEAM = BF3Z2N2QZ9;
				INFOPLIST_FILE = "How Many Hoppers/Info.plist";
				LD_RUNPATH_SEARCH_PATHS = "$(inherited) @executable_path/Frameworks";
				PRODUCT_BUNDLE_IDENTIFIER = "Whitney.How-Many-Hoppers";
				PRODUCT_NAME = "$(TARGET_NAME)";
				SWIFT_VERSION = 4.0;
				TARGETED_DEVICE_FAMILY = "1,2";
			};
			name = Debug;
		};
		0A030D1A202D49BA0083606D /* Release */ = {
			isa = XCBuildConfiguration;
			buildSettings = {
				ASSETCATALOG_COMPILER_APPICON_NAME = AppIcon;
				CODE_SIGN_STYLE = Automatic;
				DEVELOPMENT_TEAM = BF3Z2N2QZ9;
				INFOPLIST_FILE = "How Many Hoppers/Info.plist";
				LD_RUNPATH_SEARCH_PATHS = "$(inherited) @executable_path/Frameworks";
				PRODUCT_BUNDLE_IDENTIFIER = "Whitney.How-Many-Hoppers";
				PRODUCT_NAME = "$(TARGET_NAME)";
				SWIFT_VERSION = 4.0;
				TARGETED_DEVICE_FAMILY = "1,2";
			};
			name = Release;
		};
/* End XCBuildConfiguration section */

/* Begin XCConfigurationList section */
		0A030CFE202D49BA0083606D /* Build configuration list for PBXProject "How Many Hoppers" */ = {
			isa = XCConfigurationList;
			buildConfigurations = (
				0A030D16202D49BA0083606D /* Debug */,
				0A030D17202D49BA0083606D /* Release */,
			);
			defaultConfigurationIsVisible = 0;
			defaultConfigurationName = Release;
		};
		0A030D18202D49BA0083606D /* Build configuration list for PBXNativeTarget "How Many Hoppers" */ = {
			isa = XCConfigurationList;
			buildConfigurations = (
				0A030D19202D49BA0083606D /* Debug */,
				0A030D1A202D49BA0083606D /* Release */,
			);
			defaultConfigurationIsVisible = 0;
			defaultConfigurationName = Release;
		};
/* End XCConfigurationList section */

/* Begin XCVersionGroup section */
		0A030D0D202D49BA0083606D /* How_Many_Hoppers.xcdatamodeld */ = {
			isa = XCVersionGroup;
			children = (
				0A030D0E202D49BA0083606D /* How_Many_Hoppers.xcdatamodel */,
			);
			currentVersion = 0A030D0E202D49BA0083606D /* How_Many_Hoppers.xcdatamodel */;
			path = How_Many_Hoppers.xcdatamodeld;
			sourceTree = "<group>";
			versionGroupType = wrapper.xcdatamodel;
		};
/* End XCVersionGroup section */
	};
	rootObject = 0A030CFB202D49BA0083606D /* Project object */;
}
